
Microsoft Visual Studio Solution File, Format Version 12.00
# Visual Studio Version 17
VisualStudioVersion = 17.0.32126.317
MinimumVisualStudioVersion = 10.0.40219.1
Project("{6EC3EE1D-3C4E-46DD-8F32-0CC8E7565705}") = "Mondain", "Mondain\Mondain.fsproj", "{81F2F630-9C3D-4F4A-9505-934D26E7781D}"
EndProject
Project("{F2A71F9B-5D33-465A-A702-920D77279786}") = "Mondain.Tests", "Mondain.Tests\Mondain.Tests.fsproj", "{84ECFA25-F758-4402-A93A-515AFCB6D20D}"
EndProject
Global
	GlobalSection(SolutionConfigurationPlatforms) = preSolution
		Debug|Any CPU = Debug|Any CPU
		Release|Any CPU = Release|Any CPU
	EndGlobalSection
	GlobalSection(ProjectConfigurationPlatforms) = postSolution
		{81F2F630-9C3D-4F4A-9505-934D26E7781D}.Debug|Any CPU.ActiveCfg = Debug|Any CPU
		{81F2F630-9C3D-4F4A-9505-934D26E7781D}.Debug|Any CPU.Build.0 = Debug|Any CPU
		{81F2F630-9C3D-4F4A-9505-934D26E7781D}.Release|Any CPU.ActiveCfg = Release|Any CPU
		{81F2F630-9C3D-4F4A-9505-934D26E7781D}.Release|Any CPU.Build.0 = Release|Any CPU
		{84ECFA25-F758-4402-A93A-515AFCB6D20D}.Debug|Any CPU.ActiveCfg = Debug|Any CPU
		{84ECFA25-F758-4402-A93A-515AFCB6D20D}.Debug|Any CPU.Build.0 = Debug|Any CPU
		{84ECFA25-F758-4402-A93A-515AFCB6D20D}.Release|Any CPU.ActiveCfg = Release|Any CPU
		{84ECFA25-F758-4402-A93A-515AFCB6D20D}.Release|Any CPU.Build.0 = Release|Any CPU
	EndGlobalSection
	GlobalSection(SolutionProperties) = preSolution
		HideSolutionNode = FALSE
	EndGlobalSection
	GlobalSection(ExtensibilityGlobals) = postSolution
		SolutionGuid = {B6128AE8-0DD7-40DF-AE7B-B8D5C7588F3D}
	EndGlobalSection
EndGlobal
